// !$*UTF8*$!
{
	archiveVersion = 1;
	classes = {
	};
	objectVersion = 46;
	objects = {

/* Begin PBXBuildFile section */
		BB35968895FE333399AEB54A /* Pods_weekend.framework in Frameworks */ = {isa = PBXBuildFile; fileRef = 6E7773C2527D663BB8C5B185 /* Pods_weekend.framework */; };
		FBF00D7C1D434AE900E5B411 /* Main.storyboard in Resources */ = {isa = PBXBuildFile; fileRef = FBF00D7A1D434AE900E5B411 /* Main.storyboard */; };
		FBF00D7E1D434AE900E5B411 /* Assets.xcassets in Resources */ = {isa = PBXBuildFile; fileRef = FBF00D7D1D434AE900E5B411 /* Assets.xcassets */; };
		FBF00D811D434AE900E5B411 /* LaunchScreen.storyboard in Resources */ = {isa = PBXBuildFile; fileRef = FBF00D7F1D434AE900E5B411 /* LaunchScreen.storyboard */; };
		FBF7149C1D436E3800032D33 /* AppDelegate.m in Sources */ = {isa = PBXBuildFile; fileRef = FBF7148C1D436E3800032D33 /* AppDelegate.m */; };
		FBF7149F1D436E3800032D33 /* main.m in Sources */ = {isa = PBXBuildFile; fileRef = FBF714951D436E3800032D33 /* main.m */; };
		FBF714A21D436E9900032D33 /* LGHomeController.m in Sources */ = {isa = PBXBuildFile; fileRef = FBF714A11D436E9900032D33 /* LGHomeController.m */; };
		FBF714A51D436EAE00032D33 /* LGDynamicController.m in Sources */ = {isa = PBXBuildFile; fileRef = FBF714A41D436EAE00032D33 /* LGDynamicController.m */; };
		FBF714A81D436EBB00032D33 /* LGBuyController.m in Sources */ = {isa = PBXBuildFile; fileRef = FBF714A71D436EBB00032D33 /* LGBuyController.m */; };
		FBF714AB1D436ECC00032D33 /* LGMineController.m in Sources */ = {isa = PBXBuildFile; fileRef = FBF714AA1D436ECC00032D33 /* LGMineController.m */; };
		FBF714AE1D436ED900032D33 /* LGSquareController.m in Sources */ = {isa = PBXBuildFile; fileRef = FBF714AD1D436ED900032D33 /* LGSquareController.m */; };
		FBF714B31D436EF900032D33 /* LGMainController.m in Sources */ = {isa = PBXBuildFile; fileRef = FBF714B01D436EF900032D33 /* LGMainController.m */; };
		FBF714B41D436EF900032D33 /* LGNavController.m in Sources */ = {isa = PBXBuildFile; fileRef = FBF714B21D436EF900032D33 /* LGNavController.m */; };
/* End PBXBuildFile section */

/* Begin PBXFileReference section */
		6E7773C2527D663BB8C5B185 /* Pods_weekend.framework */ = {isa = PBXFileReference; explicitFileType = wrapper.framework; includeInIndex = 0; path = Pods_weekend.framework; sourceTree = BUILT_PRODUCTS_DIR; };
		9CB7E0878E02C17AFD90410C /* Pods-weekend.debug.xcconfig */ = {isa = PBXFileReference; includeInIndex = 1; lastKnownFileType = text.xcconfig; name = "Pods-weekend.debug.xcconfig"; path = "Pods/Target Support Files/Pods-weekend/Pods-weekend.debug.xcconfig"; sourceTree = "<group>"; };
		B4929C3085328AD40B936BF4 /* Pods-weekend.release.xcconfig */ = {isa = PBXFileReference; includeInIndex = 1; lastKnownFileType = text.xcconfig; name = "Pods-weekend.release.xcconfig"; path = "Pods/Target Support Files/Pods-weekend/Pods-weekend.release.xcconfig"; sourceTree = "<group>"; };
		FBF00D6E1D434AE900E5B411 /* weekend.app */ = {isa = PBXFileReference; explicitFileType = wrapper.application; includeInIndex = 0; path = weekend.app; sourceTree = BUILT_PRODUCTS_DIR; };
		FBF00D7B1D434AE900E5B411 /* Base */ = {isa = PBXFileReference; lastKnownFileType = file.storyboard; name = Base; path = Base.lproj/Main.storyboard; sourceTree = "<group>"; };
		FBF00D7D1D434AE900E5B411 /* Assets.xcassets */ = {isa = PBXFileReference; lastKnownFileType = folder.assetcatalog; path = Assets.xcassets; sourceTree = "<group>"; };
		FBF00D801D434AE900E5B411 /* Base */ = {isa = PBXFileReference; lastKnownFileType = file.storyboard; name = Base; path = Base.lproj/LaunchScreen.storyboard; sourceTree = "<group>"; };
		FBF00D821D434AE900E5B411 /* Info.plist */ = {isa = PBXFileReference; lastKnownFileType = text.plist.xml; path = Info.plist; sourceTree = "<group>"; };
		FBF7148B1D436E3800032D33 /* AppDelegate.h */ = {isa = PBXFileReference; fileEncoding = 4; lastKnownFileType = sourcecode.c.h; path = AppDelegate.h; sourceTree = "<group>"; };
		FBF7148C1D436E3800032D33 /* AppDelegate.m */ = {isa = PBXFileReference; fileEncoding = 4; lastKnownFileType = sourcecode.c.objc; path = AppDelegate.m; sourceTree = "<group>"; };
		FBF714951D436E3800032D33 /* main.m */ = {isa = PBXFileReference; fileEncoding = 4; lastKnownFileType = sourcecode.c.objc; path = main.m; sourceTree = "<group>"; };
		FBF714A01D436E9900032D33 /* LGHomeController.h */ = {isa = PBXFileReference; fileEncoding = 4; lastKnownFileType = sourcecode.c.h; path = LGHomeController.h; sourceTree = "<group>"; };
		FBF714A11D436E9900032D33 /* LGHomeController.m */ = {isa = PBXFileReference; fileEncoding = 4; lastKnownFileType = sourcecode.c.objc; path = LGHomeController.m; sourceTree = "<group>"; };
		FBF714A31D436EAE00032D33 /* LGDynamicController.h */ = {isa = PBXFileReference; fileEncoding = 4; lastKnownFileType = sourcecode.c.h; path = LGDynamicController.h; sourceTree = "<group>"; };
		FBF714A41D436EAE00032D33 /* LGDynamicController.m */ = {isa = PBXFileReference; fileEncoding = 4; lastKnownFileType = sourcecode.c.objc; path = LGDynamicController.m; sourceTree = "<group>"; };
		FBF714A61D436EBB00032D33 /* LGBuyController.h */ = {isa = PBXFileReference; fileEncoding = 4; lastKnownFileType = sourcecode.c.h; path = LGBuyController.h; sourceTree = "<group>"; };
		FBF714A71D436EBB00032D33 /* LGBuyController.m */ = {isa = PBXFileReference; fileEncoding = 4; lastKnownFileType = sourcecode.c.objc; path = LGBuyController.m; sourceTree = "<group>"; };
		FBF714A91D436ECC00032D33 /* LGMineController.h */ = {isa = PBXFileReference; fileEncoding = 4; lastKnownFileType = sourcecode.c.h; path = LGMineController.h; sourceTree = "<group>"; };
		FBF714AA1D436ECC00032D33 /* LGMineController.m */ = {isa = PBXFileReference; fileEncoding = 4; lastKnownFileType = sourcecode.c.objc; path = LGMineController.m; sourceTree = "<group>"; };
		FBF714AC1D436ED900032D33 /* LGSquareController.h */ = {isa = PBXFileReference; fileEncoding = 4; lastKnownFileType = sourcecode.c.h; path = LGSquareController.h; sourceTree = "<group>"; };
		FBF714AD1D436ED900032D33 /* LGSquareController.m */ = {isa = PBXFileReference; fileEncoding = 4; lastKnownFileType = sourcecode.c.objc; path = LGSquareController.m; sourceTree = "<group>"; };
		FBF714AF1D436EF900032D33 /* LGMainController.h */ = {isa = PBXFileReference; fileEncoding = 4; lastKnownFileType = sourcecode.c.h; path = LGMainController.h; sourceTree = "<group>"; };
		FBF714B01D436EF900032D33 /* LGMainController.m */ = {isa = PBXFileReference; fileEncoding = 4; lastKnownFileType = sourcecode.c.objc; path = LGMainController.m; sourceTree = "<group>"; };
		FBF714B11D436EF900032D33 /* LGNavController.h */ = {isa = PBXFileReference; fileEncoding = 4; lastKnownFileType = sourcecode.c.h; path = LGNavController.h; sourceTree = "<group>"; };
		FBF714B21D436EF900032D33 /* LGNavController.m */ = {isa = PBXFileReference; fileEncoding = 4; lastKnownFileType = sourcecode.c.objc; path = LGNavController.m; sourceTree = "<group>"; };
/* End PBXFileReference section */

/* Begin PBXFrameworksBuildPhase section */
		FBF00D6B1D434AE900E5B411 /* Frameworks */ = {
			isa = PBXFrameworksBuildPhase;
			buildActionMask = 2147483647;
			files = (
				BB35968895FE333399AEB54A /* Pods_weekend.framework in Frameworks */,
			);
			runOnlyForDeploymentPostprocessing = 0;
		};
/* End PBXFrameworksBuildPhase section */

/* Begin PBXGroup section */
		902EF12A03F847DF702E419F /* Pods */ = {
			isa = PBXGroup;
			children = (
				9CB7E0878E02C17AFD90410C /* Pods-weekend.debug.xcconfig */,
				B4929C3085328AD40B936BF4 /* Pods-weekend.release.xcconfig */,
			);
			name = Pods;
			sourceTree = "<group>";
		};
		CEDFBE4832CA227C5D5DF9B5 /* Frameworks */ = {
			isa = PBXGroup;
			children = (
				6E7773C2527D663BB8C5B185 /* Pods_weekend.framework */,
			);
			name = Frameworks;
			sourceTree = "<group>";
		};
		FBF00D651D434AE900E5B411 = {
			isa = PBXGroup;
			children = (
				FBF00D701D434AE900E5B411 /* weekend */,
				FBF00D6F1D434AE900E5B411 /* Products */,
				902EF12A03F847DF702E419F /* Pods */,
				CEDFBE4832CA227C5D5DF9B5 /* Frameworks */,
			);
			sourceTree = "<group>";
		};
		FBF00D6F1D434AE900E5B411 /* Products */ = {
			isa = PBXGroup;
			children = (
				FBF00D6E1D434AE900E5B411 /* weekend.app */,
			);
			name = Products;
			sourceTree = "<group>";
		};
		FBF00D701D434AE900E5B411 /* weekend */ = {
			isa = PBXGroup;
			children = (
				FBF714831D436E3800032D33 /* Classes */,
				FBF00D7A1D434AE900E5B411 /* Main.storyboard */,
				FBF00D7D1D434AE900E5B411 /* Assets.xcassets */,
				FBF00D7F1D434AE900E5B411 /* LaunchScreen.storyboard */,
				FBF00D821D434AE900E5B411 /* Info.plist */,
				FBF00D711D434AE900E5B411 /* Supporting Files */,
			);
			path = weekend;
			sourceTree = "<group>";
		};
		FBF00D711D434AE900E5B411 /* Supporting Files */ = {
			isa = PBXGroup;
			children = (
			);
			name = "Supporting Files";
			sourceTree = "<group>";
		};
		FBF714831D436E3800032D33 /* Classes */ = {
			isa = PBXGroup;
			children = (
				FBF714841D436E3800032D33 /* Buy */,
				FBF714861D436E3800032D33 /* Dynamic */,
				FBF714881D436E3800032D33 /* Home */,
				FBF7148A1D436E3800032D33 /* Main */,
				FBF714921D436E3800032D33 /* Mine */,
				FBF714941D436E3800032D33 /* Other */,
				FBF714961D436E3800032D33 /* Square */,
				FBF714981D436E3800032D33 /* Tools */,
			);
			path = Classes;
			sourceTree = "<group>";
		};
		FBF714841D436E3800032D33 /* Buy */ = {
			isa = PBXGroup;
			children = (
				FBF714851D436E3800032D33 /* Controller */,
			);
			path = Buy;
			sourceTree = "<group>";
		};
		FBF714851D436E3800032D33 /* Controller */ = {
			isa = PBXGroup;
			children = (
				FBF714A61D436EBB00032D33 /* LGBuyController.h */,
				FBF714A71D436EBB00032D33 /* LGBuyController.m */,
			);
			path = Controller;
			sourceTree = "<group>";
		};
		FBF714861D436E3800032D33 /* Dynamic */ = {
			isa = PBXGroup;
			children = (
				FBF714871D436E3800032D33 /* Controller */,
			);
			path = Dynamic;
			sourceTree = "<group>";
		};
		FBF714871D436E3800032D33 /* Controller */ = {
			isa = PBXGroup;
			children = (
				FBF714A31D436EAE00032D33 /* LGDynamicController.h */,
				FBF714A41D436EAE00032D33 /* LGDynamicController.m */,
			);
			path = Controller;
			sourceTree = "<group>";
		};
		FBF714881D436E3800032D33 /* Home */ = {
			isa = PBXGroup;
			children = (
				FBF714891D436E3800032D33 /* Controller */,
			);
			path = Home;
			sourceTree = "<group>";
		};
		FBF714891D436E3800032D33 /* Controller */ = {
			isa = PBXGroup;
			children = (
				FBF714A01D436E9900032D33 /* LGHomeController.h */,
				FBF714A11D436E9900032D33 /* LGHomeController.m */,
			);
			path = Controller;
			sourceTree = "<group>";
		};
		FBF7148A1D436E3800032D33 /* Main */ = {
			isa = PBXGroup;
			children = (
				FBF7148B1D436E3800032D33 /* AppDelegate.h */,
				FBF7148C1D436E3800032D33 /* AppDelegate.m */,
				FBF7148D1D436E3800032D33 /* Controller */,
			);
			path = Main;
			sourceTree = "<group>";
		};
		FBF7148D1D436E3800032D33 /* Controller */ = {
			isa = PBXGroup;
			children = (
				FBF714AF1D436EF900032D33 /* LGMainController.h */,
				FBF714B01D436EF900032D33 /* LGMainController.m */,
				FBF714B11D436EF900032D33 /* LGNavController.h */,
				FBF714B21D436EF900032D33 /* LGNavController.m */,
			);
			path = Controller;
			sourceTree = "<group>";
		};
		FBF714921D436E3800032D33 /* Mine */ = {
			isa = PBXGroup;
			children = (
				FBF714931D436E3800032D33 /* Controller */,
			);
			path = Mine;
			sourceTree = "<group>";
		};
		FBF714931D436E3800032D33 /* Controller */ = {
			isa = PBXGroup;
			children = (
				FBF714A91D436ECC00032D33 /* LGMineController.h */,
				FBF714AA1D436ECC00032D33 /* LGMineController.m */,
			);
			path = Controller;
			sourceTree = "<group>";
		};
		FBF714941D436E3800032D33 /* Other */ = {
			isa = PBXGroup;
			children = (
				FBF714951D436E3800032D33 /* main.m */,
			);
			path = Other;
			sourceTree = "<group>";
		};
		FBF714961D436E3800032D33 /* Square */ = {
			isa = PBXGroup;
			children = (
				FBF714971D436E3800032D33 /* Controller */,
			);
			path = Square;
			sourceTree = "<group>";
		};
		FBF714971D436E3800032D33 /* Controller */ = {
			isa = PBXGroup;
			children = (
				FBF714AC1D436ED900032D33 /* LGSquareController.h */,
				FBF714AD1D436ED900032D33 /* LGSquareController.m */,
			);
			path = Controller;
			sourceTree = "<group>";
		};
		FBF714981D436E3800032D33 /* Tools */ = {
			isa = PBXGroup;
			children = (
				FBF714991D436E3800032D33 /* Lib */,
				FBF7149A1D436E3800032D33 /* MyTool */,
				FBF7149B1D436E3800032D33 /* Tool */,
			);
			path = Tools;
			sourceTree = "<group>";
		};
		FBF714991D436E3800032D33 /* Lib */ = {
			isa = PBXGroup;
			children = (
			);
			path = Lib;
			sourceTree = "<group>";
		};
		FBF7149A1D436E3800032D33 /* MyTool */ = {
			isa = PBXGroup;
			children = (
			);
			path = MyTool;
			sourceTree = "<group>";
		};
		FBF7149B1D436E3800032D33 /* Tool */ = {
			isa = PBXGroup;
			children = (
			);
			path = Tool;
			sourceTree = "<group>";
		};
/* End PBXGroup section */

/* Begin PBXNativeTarget section */
		FBF00D6D1D434AE900E5B411 /* weekend */ = {
			isa = PBXNativeTarget;
			buildConfigurationList = FBF00D851D434AE900E5B411 /* Build configuration list for PBXNativeTarget "weekend" */;
			buildPhases = (
				17E525E1E5BEF3291EC53476 /* Check Pods Manifest.lock */,
				FBF00D6A1D434AE900E5B411 /* Sources */,
				FBF00D6B1D434AE900E5B411 /* Frameworks */,
				FBF00D6C1D434AE900E5B411 /* Resources */,
				FE2ED9A7F336C1C5A46C01FB /* Embed Pods Frameworks */,
				71BCB645787B9BB47ECB68EB /* Copy Pods Resources */,
			);
			buildRules = (
			);
			dependencies = (
			);
			name = weekend;
			productName = weekend;
			productReference = FBF00D6E1D434AE900E5B411 /* weekend.app */;
			productType = "com.apple.product-type.application";
		};
/* End PBXNativeTarget section */

/* Begin PBXProject section */
		FBF00D661D434AE900E5B411 /* Project object */ = {
			isa = PBXProject;
			attributes = {
				CLASSPREFIX = LG;
				LastUpgradeCheck = 0730;
				ORGANIZATIONNAME = "李振刚";
				TargetAttributes = {
					FBF00D6D1D434AE900E5B411 = {
						CreatedOnToolsVersion = 7.3;
						DevelopmentTeam = YK8UN78B3J;
					};
				};
			};
			buildConfigurationList = FBF00D691D434AE900E5B411 /* Build configuration list for PBXProject "weekend" */;
			compatibilityVersion = "Xcode 3.2";
			developmentRegion = English;
			hasScannedForEncodings = 0;
			knownRegions = (
				en,
				Base,
			);
			mainGroup = FBF00D651D434AE900E5B411;
			productRefGroup = FBF00D6F1D434AE900E5B411 /* Products */;
			projectDirPath = "";
			projectRoot = "";
			targets = (
				FBF00D6D1D434AE900E5B411 /* weekend */,
			);
		};
/* End PBXProject section */

/* Begin PBXResourcesBuildPhase section */
		FBF00D6C1D434AE900E5B411 /* Resources */ = {
			isa = PBXResourcesBuildPhase;
			buildActionMask = 2147483647;
			files = (
				FBF00D811D434AE900E5B411 /* LaunchScreen.storyboard in Resources */,
				FBF00D7E1D434AE900E5B411 /* Assets.xcassets in Resources */,
				FBF00D7C1D434AE900E5B411 /* Main.storyboard in Resources */,
			);
			runOnlyForDeploymentPostprocessing = 0;
		};
/* End PBXResourcesBuildPhase section */

/* Begin PBXShellScriptBuildPhase section */
		17E525E1E5BEF3291EC53476 /* Check Pods Manifest.lock */ = {
			isa = PBXShellScriptBuildPhase;
			buildActionMask = 2147483647;
			files = (
			);
			inputPaths = (
			);
			name = "Check Pods Manifest.lock";
			outputPaths = (
			);
			runOnlyForDeploymentPostprocessing = 0;
			shellPath = /bin/sh;
			shellScript = "diff \"${PODS_ROOT}/../Podfile.lock\" \"${PODS_ROOT}/Manifest.lock\" > /dev/null\nif [[ $? != 0 ]] ; then\n    cat << EOM\nerror: The sandbox is not in sync with the Podfile.lock. Run 'pod install' or update your CocoaPods installation.\nEOM\n    exit 1\nfi\n";
			showEnvVarsInLog = 0;
		};
		71BCB645787B9BB47ECB68EB /* Copy Pods Resources */ = {
			isa = PBXShellScriptBuildPhase;
			buildActionMask = 2147483647;
			files = (
			);
			inputPaths = (
			);
			name = "Copy Pods Resources";
			outputPaths = (
			);
			runOnlyForDeploymentPostprocessing = 0;
			shellPath = /bin/sh;
			shellScript = "\"${SRCROOT}/Pods/Target Support Files/Pods-weekend/Pods-weekend-resources.sh\"\n";
			showEnvVarsInLog = 0;
		};
		FE2ED9A7F336C1C5A46C01FB /* Embed Pods Frameworks */ = {
			isa = PBXShellScriptBuildPhase;
			buildActionMask = 2147483647;
			files = (
			);
			inputPaths = (
			);
			name = "Embed Pods Frameworks";
			outputPaths = (
			);
			runOnlyForDeploymentPostprocessing = 0;
			shellPath = /bin/sh;
			shellScript = "\"${SRCROOT}/Pods/Target Support Files/Pods-weekend/Pods-weekend-frameworks.sh\"\n";
			showEnvVarsInLog = 0;
		};
/* End PBXShellScriptBuildPhase section */

/* Begin PBXSourcesBuildPhase section */
		FBF00D6A1D434AE900E5B411 /* Sources */ = {
			isa = PBXSourcesBuildPhase;
			buildActionMask = 2147483647;
			files = (
				FBF714B41D436EF900032D33 /* LGNavController.m in Sources */,
				FBF7149F1D436E3800032D33 /* main.m in Sources */,
				FBF714B31D436EF900032D33 /* LGMainController.m in Sources */,
				FBF714A21D436E9900032D33 /* LGHomeController.m in Sources */,
				FBF714A51D436EAE00032D33 /* LGDynamicController.m in Sources */,
				FBF714AB1D436ECC00032D33 /* LGMineController.m in Sources */,
				FBF714AE1D436ED900032D33 /* LGSquareController.m in Sources */,
				FBF714A81D436EBB00032D33 /* LGBuyController.m in Sources */,
				FBF7149C1D436E3800032D33 /* AppDelegate.m in Sources */,
			);
			runOnlyForDeploymentPostprocessing = 0;
		};
/* End PBXSourcesBuildPhase section */

/* Begin PBXVariantGroup section */
		FBF00D7A1D434AE900E5B411 /* Main.storyboard */ = {
			isa = PBXVariantGroup;
			children = (
				FBF00D7B1D434AE900E5B411 /* Base */,
			);
			name = Main.storyboard;
			sourceTree = "<group>";
		};
		FBF00D7F1D434AE900E5B411 /* LaunchScreen.storyboard */ = {
			isa = PBXVariantGroup;
			children = (
				FBF00D801D434AE900E5B411 /* Base */,
			);
			name = LaunchScreen.storyboard;
			sourceTree = "<group>";
		};
/* End PBXVariantGroup section */

/* Begin XCBuildConfiguration section */
		FBF00D831D434AE900E5B411 /* Debug */ = {
			isa = XCBuildConfiguration;
			buildSettings = {
				ALWAYS_SEARCH_USER_PATHS = NO;
				CLANG_ANALYZER_NONNULL = YES;
				CLANG_CXX_LANGUAGE_STANDARD = "gnu++0x";
				CLANG_CXX_LIBRARY = "libc++";
				CLANG_ENABLE_MODULES = YES;
				CLANG_ENABLE_OBJC_ARC = YES;
				CLANG_WARN_BOOL_CONVERSION = YES;
				CLANG_WARN_CONSTANT_CONVERSION = YES;
				CLANG_WARN_DIRECT_OBJC_ISA_USAGE = YES_ERROR;
				CLANG_WARN_EMPTY_BODY = YES;
				CLANG_WARN_ENUM_CONVERSION = YES;
				CLANG_WARN_INT_CONVERSION = YES;
				CLANG_WARN_OBJC_ROOT_CLASS = YES_ERROR;
				CLANG_WARN_UNREACHABLE_CODE = YES;
				CLANG_WARN__DUPLICATE_METHOD_MATCH = YES;
				"CODE_SIGN_IDENTITY[sdk=iphoneos*]" = "iPhone Developer";
				COPY_PHASE_STRIP = NO;
				DEBUG_INFORMATION_FORMAT = dwarf;
				ENABLE_STRICT_OBJC_MSGSEND = YES;
				ENABLE_TESTABILITY = YES;
				GCC_C_LANGUAGE_STANDARD = gnu99;
				GCC_DYNAMIC_NO_PIC = NO;
				GCC_NO_COMMON_BLOCKS = YES;
				GCC_OPTIMIZATION_LEVEL = 0;
				GCC_PREPROCESSOR_DEFINITIONS = (
					"DEBUG=1",
					"$(inherited)",
				);
				GCC_WARN_64_TO_32_BIT_CONVERSION = YES;
				GCC_WARN_ABOUT_RETURN_TYPE = YES_ERROR;
				GCC_WARN_UNDECLARED_SELECTOR = YES;
				GCC_WARN_UNINITIALIZED_AUTOS = YES_AGGRESSIVE;
				GCC_WARN_UNUSED_FUNCTION = YES;
				GCC_WARN_UNUSED_VARIABLE = YES;
				IPHONEOS_DEPLOYMENT_TARGET = 9.3;
				MTL_ENABLE_DEBUG_INFO = YES;
				ONLY_ACTIVE_ARCH = YES;
				SDKROOT = iphoneos;
			};
			name = Debug;
		};
		FBF00D841D434AE900E5B411 /* Release */ = {
			isa = XCBuildConfiguration;
			buildSettings = {
				ALWAYS_SEARCH_USER_PATHS = NO;
				CLANG_ANALYZER_NONNULL = YES;
				CLANG_CXX_LANGUAGE_STANDARD = "gnu++0x";
				CLANG_CXX_LIBRARY = "libc++";
				CLANG_ENABLE_MODULES = YES;
				CLANG_ENABLE_OBJC_ARC = YES;
				CLANG_WARN_BOOL_CONVERSION = YES;
				CLANG_WARN_CONSTANT_CONVERSION = YES;
				CLANG_WARN_DIRECT_OBJC_ISA_USAGE = YES_ERROR;
				CLANG_WARN_EMPTY_BODY = YES;
				CLANG_WARN_ENUM_CONVERSION = YES;
				CLANG_WARN_INT_CONVERSION = YES;
				CLANG_WARN_OBJC_ROOT_CLASS = YES_ERROR;
				CLANG_WARN_UNREACHABLE_CODE = YES;
				CLANG_WARN__DUPLICATE_METHOD_MATCH = YES;
				"CODE_SIGN_IDENTITY[sdk=iphoneos*]" = "iPhone Developer";
				COPY_PHASE_STRIP = NO;
				DEBUG_INFORMATION_FORMAT = "dwarf-with-dsym";
				ENABLE_NS_ASSERTIONS = NO;
				ENABLE_STRICT_OBJC_MSGSEND = YES;
				GCC_C_LANGUAGE_STANDARD = gnu99;
				GCC_NO_COMMON_BLOCKS = YES;
				GCC_WARN_64_TO_32_BIT_CONVERSION = YES;
				GCC_WARN_ABOUT_RETURN_TYPE = YES_ERROR;
				GCC_WARN_UNDECLARED_SELECTOR = YES;
				GCC_WARN_UNINITIALIZED_AUTOS = YES_AGGRESSIVE;
				GCC_WARN_UNUSED_FUNCTION = YES;
				GCC_WARN_UNUSED_VARIABLE = YES;
				IPHONEOS_DEPLOYMENT_TARGET = 9.3;
				MTL_ENABLE_DEBUG_INFO = NO;
				SDKROOT = iphoneos;
				VALIDATE_PRODUCT = YES;
			};
			name = Release;
		};
		FBF00D861D434AE900E5B411 /* Debug */ = {
			isa = XCBuildConfiguration;
			baseConfigurationReference = 9CB7E0878E02C17AFD90410C /* Pods-weekend.debug.xcconfig */;
			buildSettings = {
				ASSETCATALOG_COMPILER_APPICON_NAME = AppIcon;
				ASSETCATALOG_COMPILER_LAUNCHIMAGE_NAME = "Brand Assets";
				INFOPLIST_FILE = weekend/Info.plist;
				LD_RUNPATH_SEARCH_PATHS = "$(inherited) @executable_path/Frameworks";
				PRODUCT_BUNDLE_IDENTIFIER = onesmalldog.weekend;
				PRODUCT_NAME = "$(TARGET_NAME)";
			};
			name = Debug;
		};
		FBF00D871D434AE900E5B411 /* Release */ = {
			isa = XCBuildConfiguration;
			baseConfigurationReference = B4929C3085328AD40B936BF4 /* Pods-weekend.release.xcconfig */;
			buildSettings = {
				ASSETCATALOG_COMPILER_APPICON_NAME = AppIcon;
				ASSETCATALOG_COMPILER_LAUNCHIMAGE_NAME = "Brand Assets";
				INFOPLIST_FILE = weekend/Info.plist;
				LD_RUNPATH_SEARCH_PATHS = "$(inherited) @executable_path/Frameworks";
				PRODUCT_BUNDLE_IDENTIFIER = onesmalldog.weekend;
				PRODUCT_NAME = "$(TARGET_NAME)";
			};
			name = Release;
		};
/* End XCBuildConfiguration section */

/* Begin XCConfigurationList section */
		FBF00D691D434AE900E5B411 /* Build configuration list for PBXProject "weekend" */ = {
			isa = XCConfigurationList;
			buildConfigurations = (
				FBF00D831D434AE900E5B411 /* Debug */,
				FBF00D841D434AE900E5B411 /* Release */,
			);
			defaultConfigurationIsVisible = 0;
			defaultConfigurationName = Release;
		};
		FBF00D851D434AE900E5B411 /* Build configuration list for PBXNativeTarget "weekend" */ = {
			isa = XCConfigurationList;
			buildConfigurations = (
				FBF00D861D434AE900E5B411 /* Debug */,
				FBF00D871D434AE900E5B411 /* Release */,
			);
			defaultConfigurationIsVisible = 0;
			defaultConfigurationName = Release;
		};
/* End XCConfigurationList section */
	};
	rootObject = FBF00D661D434AE900E5B411 /* Project object */;
}
